{
    "_readme": [
        "This file locks the dependencies of your project to a known state",
        "Read more about it at https://getcomposer.org/doc/01-basic-usage.md#installing-dependencies",
        "This file is @generated automatically"
    ],
    "content-hash": "ae5cafc4147ad36c973ebb3fad8dd75f",
    "packages": [
        {
            "name": "psr/container",
            "version": "1.1.1",
            "source": {
                "type": "git",
                "url": "https://github.com/php-fig/container.git",
                "reference": "8622567409010282b7aeebe4bb841fe98b58dcaf"
            },
            "dist": {
                "type": "zip",
                "url": "https://api.github.com/repos/php-fig/container/zipball/8622567409010282b7aeebe4bb841fe98b58dcaf",
                "reference": "8622567409010282b7aeebe4bb841fe98b58dcaf",
                "shasum": ""
            },
            "require": {
                "php": ">=7.2.0"
            },
            "type": "library",
            "autoload": {
                "psr-4": {
                    "Psr\\Container\\": "src/"
                }
            },
            "notification-url": "https://packagist.org/downloads/",
            "license": [
                "MIT"
            ],
            "authors": [
                {
                    "name": "PHP-FIG",
                    "homepage": "https://www.php-fig.org/"
                }
            ],
            "description": "Common Container Interface (PHP FIG PSR-11)",
            "homepage": "https://github.com/php-fig/container",
            "keywords": [
                "PSR-11",
                "container",
                "container-interface",
                "container-interop",
                "psr"
            ],
            "support": {
                "issues": "https://github.com/php-fig/container/issues",
                "source": "https://github.com/php-fig/container/tree/1.1.1"
            },
            "time": "2021-03-05T17:36:06+00:00"
        }
    ],
    "packages-dev": [
        {
            "name": "mindplay/testies",
            "version": "1.0.0",
            "source": {
                "type": "git",
                "url": "https://github.com/mindplay-dk/testies.git",
                "reference": "6501bc0ec4599948ee83284aa926538af839de50"
            },
            "dist": {
                "type": "zip",
                "url": "https://api.github.com/repos/mindplay-dk/testies/zipball/6501bc0ec4599948ee83284aa926538af839de50",
                "reference": "6501bc0ec4599948ee83284aa926538af839de50",
                "shasum": ""
            },
            "require": {
                "php": "^7.3 || ^8.0"
            },
            "require-dev": {
                "guzzlehttp/guzzle": "^6.3.3",
                "phpunit/php-code-coverage": "^9.2.5"
            },
            "suggest": {
                "phpunit/php-code-coverage": "^9.2.5"
            },
            "type": "library",
            "autoload": {
                "files": [
                    "src/test.func.php"
                ],
                "psr-4": {
                    "mindplay\\testies\\": "src/"
                }
            },
            "notification-url": "https://packagist.org/downloads/",
            "license": [
                "MIT"
            ],
            "authors": [
                {
                    "name": "Rasmus Schultz",
                    "email": "rasmus@mindplay.dk"
                }
            ],
            "description": "Yeah, testies: a lightweight library for quick, simple unit-testing",
            "support": {
                "issues": "https://github.com/mindplay-dk/testies/issues",
                "source": "https://github.com/mindplay-dk/testies/tree/1.0.0"
            },
            "time": "2021-02-25T09:50:25+00:00"
        }
    ],
    "aliases": [],
    "minimum-stability": "stable",
    "stability-flags": [],
    "prefer-stable": false,
    "prefer-lowest": false,
    "platform": [],
    "platform-dev": [],
    "plugin-api-version": "2.0.0"
}
